
Microsoft Visual Studio Solution File, Format Version 11.00
# Visual Studio 2010
Project("{FAE04EC0-301F-11D3-BF4B-00C04F79EFBC}") = "FlexLib", "..\..\..\smartsdr-win\FlexLib\FlexLib.csproj", "{7927817C-D5EF-4A9E-B38E-29668F308343}"
EndProject
Project("{FAE04EC0-301F-11D3-BF4B-00C04F79EFBC}") = "UiWpfFramework", "..\..\..\smartsdr-win\UiWpfFramework\UiWpfFramework.csproj", "{9C0AD871-92FD-461B-84FF-3738D701814F}"
EndProject
Project("{FAE04EC0-301F-11D3-BF4B-00C04F79EFBC}") = "Util", "..\..\..\smartsdr-win\Util\Util.csproj", "{38935DC9-FF48-470C-B876-473A3AE8BD32}"
EndProject
Project("{FAE04EC0-301F-11D3-BF4B-00C04F79EFBC}") = "Vita", "..\..\..\smartsdr-win\Vita\Vita.csproj", "{6ED364FB-7444-44DA-9196-1D8679425B3E}"
EndProject
Project("{54435603-DBB4-11D2-8724-00A0C9A8B90C}") = "CODEC2_GUI_INSTALLER", "CODEC2_GUI_INSTALLER\CODEC2_GUI_INSTALLER.vdproj", "{AABE6A3C-F038-4448-981F-F68A6D5069C3}"
	ProjectSection(ProjectDependencies) = postProject
		{19634B34-7569-4D1D-8182-B10AC27E13FF} = {19634B34-7569-4D1D-8182-B10AC27E13FF}
	EndProjectSection
EndProject
Project("{FAE04EC0-301F-11D3-BF4B-00C04F79EFBC}") = "CODEC2 GUI", "CODEC2 GUI\CODEC2 GUI.csproj", "{19634B34-7569-4D1D-8182-B10AC27E13FF}"
EndProject
Global
	GlobalSection(SolutionConfigurationPlatforms) = preSolution
		Debug|Any CPU = Debug|Any CPU
		Debug|x86 = Debug|x86
		Release|Any CPU = Release|Any CPU
		Release|x86 = Release|x86
	EndGlobalSection
	GlobalSection(ProjectConfigurationPlatforms) = postSolution
		{7927817C-D5EF-4A9E-B38E-29668F308343}.Debug|Any CPU.ActiveCfg = Debug|Any CPU
		{7927817C-D5EF-4A9E-B38E-29668F308343}.Debug|Any CPU.Build.0 = Debug|Any CPU
		{7927817C-D5EF-4A9E-B38E-29668F308343}.Debug|x86.ActiveCfg = Debug|x86
		{7927817C-D5EF-4A9E-B38E-29668F308343}.Debug|x86.Build.0 = Debug|x86
		{7927817C-D5EF-4A9E-B38E-29668F308343}.Release|Any CPU.ActiveCfg = Release|Any CPU
		{7927817C-D5EF-4A9E-B38E-29668F308343}.Release|Any CPU.Build.0 = Release|Any CPU
		{7927817C-D5EF-4A9E-B38E-29668F308343}.Release|x86.ActiveCfg = Release|x86
		{7927817C-D5EF-4A9E-B38E-29668F308343}.Release|x86.Build.0 = Release|x86
		{9C0AD871-92FD-461B-84FF-3738D701814F}.Debug|Any CPU.ActiveCfg = Debug|Any CPU
		{9C0AD871-92FD-461B-84FF-3738D701814F}.Debug|Any CPU.Build.0 = Debug|Any CPU
		{9C0AD871-92FD-461B-84FF-3738D701814F}.Debug|x86.ActiveCfg = Debug|x86
		{9C0AD871-92FD-461B-84FF-3738D701814F}.Debug|x86.Build.0 = Debug|x86
		{9C0AD871-92FD-461B-84FF-3738D701814F}.Release|Any CPU.ActiveCfg = Release|Any CPU
		{9C0AD871-92FD-461B-84FF-3738D701814F}.Release|Any CPU.Build.0 = Release|Any CPU
		{9C0AD871-92FD-461B-84FF-3738D701814F}.Release|x86.ActiveCfg = Release|x86
		{9C0AD871-92FD-461B-84FF-3738D701814F}.Release|x86.Build.0 = Release|x86
		{38935DC9-FF48-470C-B876-473A3AE8BD32}.Debug|Any CPU.ActiveCfg = Debug|Any CPU
		{38935DC9-FF48-470C-B876-473A3AE8BD32}.Debug|Any CPU.Build.0 = Debug|Any CPU
		{38935DC9-FF48-470C-B876-473A3AE8BD32}.Debug|x86.ActiveCfg = Debug|x86
		{38935DC9-FF48-470C-B876-473A3AE8BD32}.Debug|x86.Build.0 = Debug|x86
		{38935DC9-FF48-470C-B876-473A3AE8BD32}.Release|Any CPU.ActiveCfg = Release|Any CPU
		{38935DC9-FF48-470C-B876-473A3AE8BD32}.Release|Any CPU.Build.0 = Release|Any CPU
		{38935DC9-FF48-470C-B876-473A3AE8BD32}.Release|x86.ActiveCfg = Release|x86
		{38935DC9-FF48-470C-B876-473A3AE8BD32}.Release|x86.Build.0 = Release|x86
		{6ED364FB-7444-44DA-9196-1D8679425B3E}.Debug|Any CPU.ActiveCfg = Debug|Any CPU
		{6ED364FB-7444-44DA-9196-1D8679425B3E}.Debug|Any CPU.Build.0 = Debug|Any CPU
		{6ED364FB-7444-44DA-9196-1D8679425B3E}.Debug|x86.ActiveCfg = Debug|x86
		{6ED364FB-7444-44DA-9196-1D8679425B3E}.Debug|x86.Build.0 = Debug|x86
		{6ED364FB-7444-44DA-9196-1D8679425B3E}.Release|Any CPU.ActiveCfg = Release|Any CPU
		{6ED364FB-7444-44DA-9196-1D8679425B3E}.Release|Any CPU.Build.0 = Release|Any CPU
		{6ED364FB-7444-44DA-9196-1D8679425B3E}.Release|x86.ActiveCfg = Release|x86
		{6ED364FB-7444-44DA-9196-1D8679425B3E}.Release|x86.Build.0 = Release|x86
		{AABE6A3C-F038-4448-981F-F68A6D5069C3}.Debug|Any CPU.ActiveCfg = Debug
		{AABE6A3C-F038-4448-981F-F68A6D5069C3}.Debug|x86.ActiveCfg = Debug
		{AABE6A3C-F038-4448-981F-F68A6D5069C3}.Release|Any CPU.ActiveCfg = Release
		{AABE6A3C-F038-4448-981F-F68A6D5069C3}.Release|x86.ActiveCfg = Release
		{19634B34-7569-4D1D-8182-B10AC27E13FF}.Debug|Any CPU.ActiveCfg = Debug|x86
		{19634B34-7569-4D1D-8182-B10AC27E13FF}.Debug|Any CPU.Build.0 = Debug|x86
		{19634B34-7569-4D1D-8182-B10AC27E13FF}.Debug|x86.ActiveCfg = Debug|x86
		{19634B34-7569-4D1D-8182-B10AC27E13FF}.Debug|x86.Build.0 = Debug|x86
		{19634B34-7569-4D1D-8182-B10AC27E13FF}.Release|Any CPU.ActiveCfg = Release|x86
		{19634B34-7569-4D1D-8182-B10AC27E13FF}.Release|Any CPU.Build.0 = Release|x86
		{19634B34-7569-4D1D-8182-B10AC27E13FF}.Release|x86.ActiveCfg = Release|x86
		{19634B34-7569-4D1D-8182-B10AC27E13FF}.Release|x86.Build.0 = Release|x86
	EndGlobalSection
	GlobalSection(SolutionProperties) = preSolution
		HideSolutionNode = FALSE
	EndGlobalSection
EndGlobal
