
Microsoft Visual Studio Solution File, Format Version 11.00
# Visual Studio 2010
Project("{FAE04EC0-301F-11D3-BF4B-00C04F79EFBC}") = "FreeDV", "CODEC2 GUI\FreeDV.csproj", "{51F7B7D3-E411-4E6B-86A2-B4290DBFF89E}"
EndProject
Project("{54435603-DBB4-11D2-8724-00A0C9A8B90C}") = "CODEC2_GUI_INSTALLER", "CODEC2_GUI_INSTALLER\CODEC2_GUI_INSTALLER.vdproj", "{AABE6A3C-F038-4448-981F-F68A6D5069C3}"
EndProject
Global
	GlobalSection(SolutionConfigurationPlatforms) = preSolution
		Debug|Any CPU = Debug|Any CPU
		Debug|x86 = Debug|x86
		Release|Any CPU = Release|Any CPU
		Release|x86 = Release|x86
	EndGlobalSection
	GlobalSection(ProjectConfigurationPlatforms) = postSolution
		{51F7B7D3-E411-4E6B-86A2-B4290DBFF89E}.Debug|Any CPU.ActiveCfg = Debug|x86
		{51F7B7D3-E411-4E6B-86A2-B4290DBFF89E}.Debug|Any CPU.Build.0 = Debug|x86
		{51F7B7D3-E411-4E6B-86A2-B4290DBFF89E}.Debug|x86.ActiveCfg = Debug|x86
		{51F7B7D3-E411-4E6B-86A2-B4290DBFF89E}.Debug|x86.Build.0 = Debug|x86
		{51F7B7D3-E411-4E6B-86A2-B4290DBFF89E}.Release|Any CPU.ActiveCfg = Release|x86
		{51F7B7D3-E411-4E6B-86A2-B4290DBFF89E}.Release|Any CPU.Build.0 = Release|x86
		{51F7B7D3-E411-4E6B-86A2-B4290DBFF89E}.Release|x86.ActiveCfg = Release|x86
		{51F7B7D3-E411-4E6B-86A2-B4290DBFF89E}.Release|x86.Build.0 = Release|x86
		{AABE6A3C-F038-4448-981F-F68A6D5069C3}.Debug|Any CPU.ActiveCfg = Debug
		{AABE6A3C-F038-4448-981F-F68A6D5069C3}.Debug|x86.ActiveCfg = Debug
		{AABE6A3C-F038-4448-981F-F68A6D5069C3}.Release|Any CPU.ActiveCfg = Release
		{AABE6A3C-F038-4448-981F-F68A6D5069C3}.Release|x86.ActiveCfg = Release
	EndGlobalSection
	GlobalSection(SolutionProperties) = preSolution
		HideSolutionNode = FALSE
	EndGlobalSection
EndGlobal
